
Microsoft Visual Studio Solution File, Format Version 12.00
# Visual Studio Version 16
VisualStudioVersion = 16.0.35425.106
MinimumVisualStudioVersion = 10.0.40219.1
Project("{9A19103F-16F7-4668-BE54-9A1E7A4F7556}") = "Volo.Abp.Tenant.IndependentTablespace", "Volo.Abp.Tenant.IndependentTablespace.csproj", "{8829CE72-5E90-4F9F-907B-F41B549CFD41}"
EndProject
Global
	GlobalSection(SolutionConfigurationPlatforms) = preSolution
		Debug|Any CPU = Debug|Any CPU
		Release|Any CPU = Release|Any CPU
	EndGlobalSection
	GlobalSection(ProjectConfigurationPlatforms) = postSolution
		{8829CE72-5E90-4F9F-907B-F41B549CFD41}.Debug|Any CPU.ActiveCfg = Debug|Any CPU
		{8829CE72-5E90-4F9F-907B-F41B549CFD41}.Debug|Any CPU.Build.0 = Debug|Any CPU
		{8829CE72-5E90-4F9F-907B-F41B549CFD41}.Release|Any CPU.ActiveCfg = Release|Any CPU
		{8829CE72-5E90-4F9F-907B-F41B549CFD41}.Release|Any CPU.Build.0 = Release|Any CPU
	EndGlobalSection
	GlobalSection(SolutionProperties) = preSolution
		HideSolutionNode = FALSE
	EndGlobalSection
	GlobalSection(ExtensibilityGlobals) = postSolution
		SolutionGuid = {4270E010-49B8-462C-8AE4-E8FCABF21EBA}
	EndGlobalSection
EndGlobal
